
Microsoft Visual Studio Solution File, Format Version 12.00
# Visual Studio Version 17
VisualStudioVersion = 17.0.32126.317
MinimumVisualStudioVersion = 10.0.40219.1
Project("{FAE04EC0-301F-11D3-BF4B-00C04F79EFBC}") = "Healthcare", "Healthcare\Healthcare.csproj", "{10369ECB-375E-469F-915B-7FE5C0237674}"
EndProject
Global
	GlobalSection(SolutionConfigurationPlatforms) = preSolution
		Debug|Any CPU = Debug|Any CPU
		Release|Any CPU = Release|Any CPU
	EndGlobalSection
	GlobalSection(ProjectConfigurationPlatforms) = postSolution
		{10369ECB-375E-469F-915B-7FE5C0237674}.Debug|Any CPU.ActiveCfg = Debug|Any CPU
		{10369ECB-375E-469F-915B-7FE5C0237674}.Debug|Any CPU.Build.0 = Debug|Any CPU
		{10369ECB-375E-469F-915B-7FE5C0237674}.Release|Any CPU.ActiveCfg = Release|Any CPU
		{10369ECB-375E-469F-915B-7FE5C0237674}.Release|Any CPU.Build.0 = Release|Any CPU
	EndGlobalSection
	GlobalSection(SolutionProperties) = preSolution
		HideSolutionNode = FALSE
	EndGlobalSection
	GlobalSection(ExtensibilityGlobals) = postSolution
		SolutionGuid = {537619EA-9017-44A0-AEEC-7FC32BFF813C}
	EndGlobalSection
EndGlobal
